// !$*UTF8*$!
{
	archiveVersion = 1;
	classes = {
	};
	objectVersion = 50;
	objects = {

/* Begin PBXBuildFile section */
		AAF755F126A35A770021B39B /* AppDelegate.swift in Sources */ = {isa = PBXBuildFile; fileRef = AAF755F026A35A770021B39B /* AppDelegate.swift */; };
		AAF755F326A35A770021B39B /* SceneDelegate.swift in Sources */ = {isa = PBXBuildFile; fileRef = AAF755F226A35A770021B39B /* SceneDelegate.swift */; };
		AAF755F526A35A770021B39B /* PackingViewController.swift in Sources */ = {isa = PBXBuildFile; fileRef = AAF755F426A35A770021B39B /* PackingViewController.swift */; };
		AAF755FA26A35A780021B39B /* Assets.xcassets in Resources */ = {isa = PBXBuildFile; fileRef = AAF755F926A35A780021B39B /* Assets.xcassets */; };
		AAF755FD26A35A780021B39B /* LaunchScreen.storyboard in Resources */ = {isa = PBXBuildFile; fileRef = AAF755FB26A35A780021B39B /* LaunchScreen.storyboard */; };
		AAF7560826A360980021B39B /* PackingView.swift in Sources */ = {isa = PBXBuildFile; fileRef = AAF7560726A360980021B39B /* PackingView.swift */; };
		AAF7560A26A369430021B39B /* PickingViewController.swift in Sources */ = {isa = PBXBuildFile; fileRef = AAF7560926A369430021B39B /* PickingViewController.swift */; };
		AAF7560C26A36B820021B39B /* PickingView.swift in Sources */ = {isa = PBXBuildFile; fileRef = AAF7560B26A36B820021B39B /* PickingView.swift */; };
		AAF7560E26A36D6A0021B39B /* UIStackView+contentStack.swift in Sources */ = {isa = PBXBuildFile; fileRef = AAF7560D26A36D6A0021B39B /* UIStackView+contentStack.swift */; };
		AAF7561026A36F760021B39B /* UILabel+FactoryLabel.swift in Sources */ = {isa = PBXBuildFile; fileRef = AAF7560F26A36F760021B39B /* UILabel+FactoryLabel.swift */; };
		AAF7561326A371DC0021B39B /* UIButton+roundedBorderedButton.swift in Sources */ = {isa = PBXBuildFile; fileRef = AAF7561226A371DC0021B39B /* UIButton+roundedBorderedButton.swift */; };
		AAF7561726A37F460021B39B /* SuitecaseItem.swift in Sources */ = {isa = PBXBuildFile; fileRef = AAF7561626A37F460021B39B /* SuitecaseItem.swift */; };
/* End PBXBuildFile section */

/* Begin PBXFileReference section */
		AAF755ED26A35A770021B39B /* Delegation.app */ = {isa = PBXFileReference; explicitFileType = wrapper.application; includeInIndex = 0; path = Delegation.app; sourceTree = BUILT_PRODUCTS_DIR; };
		AAF755F026A35A770021B39B /* AppDelegate.swift */ = {isa = PBXFileReference; lastKnownFileType = sourcecode.swift; path = AppDelegate.swift; sourceTree = "<group>"; };
		AAF755F226A35A770021B39B /* SceneDelegate.swift */ = {isa = PBXFileReference; lastKnownFileType = sourcecode.swift; path = SceneDelegate.swift; sourceTree = "<group>"; };
		AAF755F426A35A770021B39B /* PackingViewController.swift */ = {isa = PBXFileReference; lastKnownFileType = sourcecode.swift; path = PackingViewController.swift; sourceTree = "<group>"; };
		AAF755F926A35A780021B39B /* Assets.xcassets */ = {isa = PBXFileReference; lastKnownFileType = folder.assetcatalog; path = Assets.xcassets; sourceTree = "<group>"; };
		AAF755FC26A35A780021B39B /* Base */ = {isa = PBXFileReference; lastKnownFileType = file.storyboard; name = Base; path = Base.lproj/LaunchScreen.storyboard; sourceTree = "<group>"; };
		AAF755FE26A35A780021B39B /* Info.plist */ = {isa = PBXFileReference; lastKnownFileType = text.plist.xml; path = Info.plist; sourceTree = "<group>"; };
		AAF7560726A360980021B39B /* PackingView.swift */ = {isa = PBXFileReference; lastKnownFileType = sourcecode.swift; path = PackingView.swift; sourceTree = "<group>"; };
		AAF7560926A369430021B39B /* PickingViewController.swift */ = {isa = PBXFileReference; lastKnownFileType = sourcecode.swift; path = PickingViewController.swift; sourceTree = "<group>"; };
		AAF7560B26A36B820021B39B /* PickingView.swift */ = {isa = PBXFileReference; lastKnownFileType = sourcecode.swift; path = PickingView.swift; sourceTree = "<group>"; };
		AAF7560D26A36D6A0021B39B /* UIStackView+contentStack.swift */ = {isa = PBXFileReference; lastKnownFileType = sourcecode.swift; path = "UIStackView+contentStack.swift"; sourceTree = "<group>"; };
		AAF7560F26A36F760021B39B /* UILabel+FactoryLabel.swift */ = {isa = PBXFileReference; lastKnownFileType = sourcecode.swift; path = "UILabel+FactoryLabel.swift"; sourceTree = "<group>"; };
		AAF7561226A371DC0021B39B /* UIButton+roundedBorderedButton.swift */ = {isa = PBXFileReference; lastKnownFileType = sourcecode.swift; path = "UIButton+roundedBorderedButton.swift"; sourceTree = "<group>"; };
		AAF7561626A37F460021B39B /* SuitecaseItem.swift */ = {isa = PBXFileReference; lastKnownFileType = sourcecode.swift; path = SuitecaseItem.swift; sourceTree = "<group>"; };
/* End PBXFileReference section */

/* Begin PBXFrameworksBuildPhase section */
		AAF755EA26A35A770021B39B /* Frameworks */ = {
			isa = PBXFrameworksBuildPhase;
			buildActionMask = 2147483647;
			files = (
			);
			runOnlyForDeploymentPostprocessing = 0;
		};
/* End PBXFrameworksBuildPhase section */

/* Begin PBXGroup section */
		AAF755E426A35A770021B39B = {
			isa = PBXGroup;
			children = (
				AAF755EF26A35A770021B39B /* Delegation */,
				AAF755EE26A35A770021B39B /* Products */,
			);
			sourceTree = "<group>";
		};
		AAF755EE26A35A770021B39B /* Products */ = {
			isa = PBXGroup;
			children = (
				AAF755ED26A35A770021B39B /* Delegation.app */,
			);
			name = Products;
			sourceTree = "<group>";
		};
		AAF755EF26A35A770021B39B /* Delegation */ = {
			isa = PBXGroup;
			children = (
				AAF7560626A35A9A0021B39B /* App */,
				AAF7561526A37F310021B39B /* Model */,
				AAF7560526A35A910021B39B /* View */,
				AAF7560426A35A870021B39B /* Controller */,
			);
			path = Delegation;
			sourceTree = "<group>";
		};
		AAF7560426A35A870021B39B /* Controller */ = {
			isa = PBXGroup;
			children = (
				AAF755F426A35A770021B39B /* PackingViewController.swift */,
				AAF7560926A369430021B39B /* PickingViewController.swift */,
			);
			path = Controller;
			sourceTree = "<group>";
		};
		AAF7560526A35A910021B39B /* View */ = {
			isa = PBXGroup;
			children = (
				AAF755FB26A35A780021B39B /* LaunchScreen.storyboard */,
				AAF7560726A360980021B39B /* PackingView.swift */,
				AAF7560B26A36B820021B39B /* PickingView.swift */,
				AAF7561126A370270021B39B /* Extensions */,
			);
			path = View;
			sourceTree = "<group>";
		};
		AAF7560626A35A9A0021B39B /* App */ = {
			isa = PBXGroup;
			children = (
				AAF755F026A35A770021B39B /* AppDelegate.swift */,
				AAF755F226A35A770021B39B /* SceneDelegate.swift */,
				AAF755F926A35A780021B39B /* Assets.xcassets */,
				AAF755FE26A35A780021B39B /* Info.plist */,
			);
			name = App;
			sourceTree = "<group>";
		};
		AAF7561126A370270021B39B /* Extensions */ = {
			isa = PBXGroup;
			children = (
				AAF7560D26A36D6A0021B39B /* UIStackView+contentStack.swift */,
				AAF7560F26A36F760021B39B /* UILabel+FactoryLabel.swift */,
				AAF7561226A371DC0021B39B /* UIButton+roundedBorderedButton.swift */,
			);
			path = Extensions;
			sourceTree = "<group>";
		};
		AAF7561526A37F310021B39B /* Model */ = {
			isa = PBXGroup;
			children = (
				AAF7561626A37F460021B39B /* SuitecaseItem.swift */,
			);
			path = Model;
			sourceTree = "<group>";
		};
/* End PBXGroup section */

/* Begin PBXNativeTarget section */
		AAF755EC26A35A770021B39B /* Delegation */ = {
			isa = PBXNativeTarget;
			buildConfigurationList = AAF7560126A35A780021B39B /* Build configuration list for PBXNativeTarget "Delegation" */;
			buildPhases = (
				AAF755E926A35A770021B39B /* Sources */,
				AAF755EA26A35A770021B39B /* Frameworks */,
				AAF755EB26A35A770021B39B /* Resources */,
			);
			buildRules = (
			);
			dependencies = (
			);
			name = Delegation;
			productName = Delegation;
			productReference = AAF755ED26A35A770021B39B /* Delegation.app */;
			productType = "com.apple.product-type.application";
		};
/* End PBXNativeTarget section */

/* Begin PBXProject section */
		AAF755E526A35A770021B39B /* Project object */ = {
			isa = PBXProject;
			attributes = {
				LastSwiftUpdateCheck = 1250;
				LastUpgradeCheck = 1250;
				TargetAttributes = {
					AAF755EC26A35A770021B39B = {
						CreatedOnToolsVersion = 12.5.1;
					};
				};
			};
			buildConfigurationList = AAF755E826A35A770021B39B /* Build configuration list for PBXProject "Delegation" */;
			compatibilityVersion = "Xcode 9.3";
			developmentRegion = en;
			hasScannedForEncodings = 0;
			knownRegions = (
				en,
				Base,
			);
			mainGroup = AAF755E426A35A770021B39B;
			productRefGroup = AAF755EE26A35A770021B39B /* Products */;
			projectDirPath = "";
			projectRoot = "";
			targets = (
				AAF755EC26A35A770021B39B /* Delegation */,
			);
		};
/* End PBXProject section */

/* Begin PBXResourcesBuildPhase section */
		AAF755EB26A35A770021B39B /* Resources */ = {
			isa = PBXResourcesBuildPhase;
			buildActionMask = 2147483647;
			files = (
				AAF755FD26A35A780021B39B /* LaunchScreen.storyboard in Resources */,
				AAF755FA26A35A780021B39B /* Assets.xcassets in Resources */,
			);
			runOnlyForDeploymentPostprocessing = 0;
		};
/* End PBXResourcesBuildPhase section */

/* Begin PBXSourcesBuildPhase section */
		AAF755E926A35A770021B39B /* Sources */ = {
			isa = PBXSourcesBuildPhase;
			buildActionMask = 2147483647;
			files = (
				AAF7560C26A36B820021B39B /* PickingView.swift in Sources */,
				AAF7560E26A36D6A0021B39B /* UIStackView+contentStack.swift in Sources */,
				AAF7560826A360980021B39B /* PackingView.swift in Sources */,
				AAF755F526A35A770021B39B /* PackingViewController.swift in Sources */,
				AAF7560A26A369430021B39B /* PickingViewController.swift in Sources */,
				AAF7561326A371DC0021B39B /* UIButton+roundedBorderedButton.swift in Sources */,
				AAF755F126A35A770021B39B /* AppDelegate.swift in Sources */,
				AAF7561026A36F760021B39B /* UILabel+FactoryLabel.swift in Sources */,
				AAF755F326A35A770021B39B /* SceneDelegate.swift in Sources */,
				AAF7561726A37F460021B39B /* SuitecaseItem.swift in Sources */,
			);
			runOnlyForDeploymentPostprocessing = 0;
		};
/* End PBXSourcesBuildPhase section */

/* Begin PBXVariantGroup section */
		AAF755FB26A35A780021B39B /* LaunchScreen.storyboard */ = {
			isa = PBXVariantGroup;
			children = (
				AAF755FC26A35A780021B39B /* Base */,
			);
			name = LaunchScreen.storyboard;
			sourceTree = "<group>";
		};
/* End PBXVariantGroup section */

/* Begin XCBuildConfiguration section */
		AAF755FF26A35A780021B39B /* Debug */ = {
			isa = XCBuildConfiguration;
			buildSettings = {
				ALWAYS_SEARCH_USER_PATHS = NO;
				CLANG_ANALYZER_NONNULL = YES;
				CLANG_ANALYZER_NUMBER_OBJECT_CONVERSION = YES_AGGRESSIVE;
				CLANG_CXX_LANGUAGE_STANDARD = "gnu++14";
				CLANG_CXX_LIBRARY = "libc++";
				CLANG_ENABLE_MODULES = YES;
				CLANG_ENABLE_OBJC_ARC = YES;
				CLANG_ENABLE_OBJC_WEAK = YES;
				CLANG_WARN_BLOCK_CAPTURE_AUTORELEASING = YES;
				CLANG_WARN_BOOL_CONVERSION = YES;
				CLANG_WARN_COMMA = YES;
				CLANG_WARN_CONSTANT_CONVERSION = YES;
				CLANG_WARN_DEPRECATED_OBJC_IMPLEMENTATIONS = YES;
				CLANG_WARN_DIRECT_OBJC_ISA_USAGE = YES_ERROR;
				CLANG_WARN_DOCUMENTATION_COMMENTS = YES;
				CLANG_WARN_EMPTY_BODY = YES;
				CLANG_WARN_ENUM_CONVERSION = YES;
				CLANG_WARN_INFINITE_RECURSION = YES;
				CLANG_WARN_INT_CONVERSION = YES;
				CLANG_WARN_NON_LITERAL_NULL_CONVERSION = YES;
				CLANG_WARN_OBJC_IMPLICIT_RETAIN_SELF = YES;
				CLANG_WARN_OBJC_LITERAL_CONVERSION = YES;
				CLANG_WARN_OBJC_ROOT_CLASS = YES_ERROR;
				CLANG_WARN_QUOTED_INCLUDE_IN_FRAMEWORK_HEADER = YES;
				CLANG_WARN_RANGE_LOOP_ANALYSIS = YES;
				CLANG_WARN_STRICT_PROTOTYPES = YES;
				CLANG_WARN_SUSPICIOUS_MOVE = YES;
				CLANG_WARN_UNGUARDED_AVAILABILITY = YES_AGGRESSIVE;
				CLANG_WARN_UNREACHABLE_CODE = YES;
				CLANG_WARN__DUPLICATE_METHOD_MATCH = YES;
				COPY_PHASE_STRIP = NO;
				DEBUG_INFORMATION_FORMAT = dwarf;
				ENABLE_STRICT_OBJC_MSGSEND = YES;
				ENABLE_TESTABILITY = YES;
				GCC_C_LANGUAGE_STANDARD = gnu11;
				GCC_DYNAMIC_NO_PIC = NO;
				GCC_NO_COMMON_BLOCKS = YES;
				GCC_OPTIMIZATION_LEVEL = 0;
				GCC_PREPROCESSOR_DEFINITIONS = (
					"DEBUG=1",
					"$(inherited)",
				);
				GCC_WARN_64_TO_32_BIT_CONVERSION = YES;
				GCC_WARN_ABOUT_RETURN_TYPE = YES_ERROR;
				GCC_WARN_UNDECLARED_SELECTOR = YES;
				GCC_WARN_UNINITIALIZED_AUTOS = YES_AGGRESSIVE;
				GCC_WARN_UNUSED_FUNCTION = YES;
				GCC_WARN_UNUSED_VARIABLE = YES;
				IPHONEOS_DEPLOYMENT_TARGET = 14.5;
				MTL_ENABLE_DEBUG_INFO = INCLUDE_SOURCE;
				MTL_FAST_MATH = YES;
				ONLY_ACTIVE_ARCH = YES;
				SDKROOT = iphoneos;
				SWIFT_ACTIVE_COMPILATION_CONDITIONS = DEBUG;
				SWIFT_OPTIMIZATION_LEVEL = "-Onone";
			};
			name = Debug;
		};
		AAF7560026A35A780021B39B /* Release */ = {
			isa = XCBuildConfiguration;
			buildSettings = {
				ALWAYS_SEARCH_USER_PATHS = NO;
				CLANG_ANALYZER_NONNULL = YES;
				CLANG_ANALYZER_NUMBER_OBJECT_CONVERSION = YES_AGGRESSIVE;
				CLANG_CXX_LANGUAGE_STANDARD = "gnu++14";
				CLANG_CXX_LIBRARY = "libc++";
				CLANG_ENABLE_MODULES = YES;
				CLANG_ENABLE_OBJC_ARC = YES;
				CLANG_ENABLE_OBJC_WEAK = YES;
				CLANG_WARN_BLOCK_CAPTURE_AUTORELEASING = YES;
				CLANG_WARN_BOOL_CONVERSION = YES;
				CLANG_WARN_COMMA = YES;
				CLANG_WARN_CONSTANT_CONVERSION = YES;
				CLANG_WARN_DEPRECATED_OBJC_IMPLEMENTATIONS = YES;
				CLANG_WARN_DIRECT_OBJC_ISA_USAGE = YES_ERROR;
				CLANG_WARN_DOCUMENTATION_COMMENTS = YES;
				CLANG_WARN_EMPTY_BODY = YES;
				CLANG_WARN_ENUM_CONVERSION = YES;
				CLANG_WARN_INFINITE_RECURSION = YES;
				CLANG_WARN_INT_CONVERSION = YES;
				CLANG_WARN_NON_LITERAL_NULL_CONVERSION = YES;
				CLANG_WARN_OBJC_IMPLICIT_RETAIN_SELF = YES;
				CLANG_WARN_OBJC_LITERAL_CONVERSION = YES;
				CLANG_WARN_OBJC_ROOT_CLASS = YES_ERROR;
				CLANG_WARN_QUOTED_INCLUDE_IN_FRAMEWORK_HEADER = YES;
				CLANG_WARN_RANGE_LOOP_ANALYSIS = YES;
				CLANG_WARN_STRICT_PROTOTYPES = YES;
				CLANG_WARN_SUSPICIOUS_MOVE = YES;
				CLANG_WARN_UNGUARDED_AVAILABILITY = YES_AGGRESSIVE;
				CLANG_WARN_UNREACHABLE_CODE = YES;
				CLANG_WARN__DUPLICATE_METHOD_MATCH = YES;
				COPY_PHASE_STRIP = NO;
				DEBUG_INFORMATION_FORMAT = "dwarf-with-dsym";
				ENABLE_NS_ASSERTIONS = NO;
				ENABLE_STRICT_OBJC_MSGSEND = YES;
				GCC_C_LANGUAGE_STANDARD = gnu11;
				GCC_NO_COMMON_BLOCKS = YES;
				GCC_WARN_64_TO_32_BIT_CONVERSION = YES;
				GCC_WARN_ABOUT_RETURN_TYPE = YES_ERROR;
				GCC_WARN_UNDECLARED_SELECTOR = YES;
				GCC_WARN_UNINITIALIZED_AUTOS = YES_AGGRESSIVE;
				GCC_WARN_UNUSED_FUNCTION = YES;
				GCC_WARN_UNUSED_VARIABLE = YES;
				IPHONEOS_DEPLOYMENT_TARGET = 14.5;
				MTL_ENABLE_DEBUG_INFO = NO;
				MTL_FAST_MATH = YES;
				SDKROOT = iphoneos;
				SWIFT_COMPILATION_MODE = wholemodule;
				SWIFT_OPTIMIZATION_LEVEL = "-O";
				VALIDATE_PRODUCT = YES;
			};
			name = Release;
		};
		AAF7560226A35A780021B39B /* Debug */ = {
			isa = XCBuildConfiguration;
			buildSettings = {
				ASSETCATALOG_COMPILER_APPICON_NAME = AppIcon;
				ASSETCATALOG_COMPILER_GLOBAL_ACCENT_COLOR_NAME = AccentColor;
				CODE_SIGN_STYLE = Automatic;
				DEVELOPMENT_TEAM = 34P4RF23ET;
				INFOPLIST_FILE = Delegation/Info.plist;
				LD_RUNPATH_SEARCH_PATHS = (
					"$(inherited)",
					"@executable_path/Frameworks",
				);
				PRODUCT_BUNDLE_IDENTIFIER = com.kennydubroff.Delegation;
				PRODUCT_NAME = "$(TARGET_NAME)";
				SWIFT_VERSION = 5.0;
				TARGETED_DEVICE_FAMILY = "1,2";
			};
			name = Debug;
		};
		AAF7560326A35A780021B39B /* Release */ = {
			isa = XCBuildConfiguration;
			buildSettings = {
				ASSETCATALOG_COMPILER_APPICON_NAME = AppIcon;
				ASSETCATALOG_COMPILER_GLOBAL_ACCENT_COLOR_NAME = AccentColor;
				CODE_SIGN_STYLE = Automatic;
				DEVELOPMENT_TEAM = 34P4RF23ET;
				INFOPLIST_FILE = Delegation/Info.plist;
				LD_RUNPATH_SEARCH_PATHS = (
					"$(inherited)",
					"@executable_path/Frameworks",
				);
				PRODUCT_BUNDLE_IDENTIFIER = com.kennydubroff.Delegation;
				PRODUCT_NAME = "$(TARGET_NAME)";
				SWIFT_VERSION = 5.0;
				TARGETED_DEVICE_FAMILY = "1,2";
			};
			name = Release;
		};
/* End XCBuildConfiguration section */

/* Begin XCConfigurationList section */
		AAF755E826A35A770021B39B /* Build configuration list for PBXProject "Delegation" */ = {
			isa = XCConfigurationList;
			buildConfigurations = (
				AAF755FF26A35A780021B39B /* Debug */,
				AAF7560026A35A780021B39B /* Release */,
			);
			defaultConfigurationIsVisible = 0;
			defaultConfigurationName = Release;
		};
		AAF7560126A35A780021B39B /* Build configuration list for PBXNativeTarget "Delegation" */ = {
			isa = XCConfigurationList;
			buildConfigurations = (
				AAF7560226A35A780021B39B /* Debug */,
				AAF7560326A35A780021B39B /* Release */,
			);
			defaultConfigurationIsVisible = 0;
			defaultConfigurationName = Release;
		};
/* End XCConfigurationList section */
	};
	rootObject = AAF755E526A35A770021B39B /* Project object */;
}
